// !$*UTF8*$!
{
	archiveVersion = 1;
	classes = {
	};
	objectVersion = 46;
	objects = {

/* Begin PBXBuildFile section */
		1C9D6BC931EEAE3C7FAAE5BA /* Pods_iOS_Example.framework in Frameworks */ = {isa = PBXBuildFile; fileRef = CA58B08B0B9BA4964FBB9832 /* Pods_iOS_Example.framework */; };
		40547DFF1CB0787D000F5383 /* AppDelegate.swift in Sources */ = {isa = PBXBuildFile; fileRef = 40547DFE1CB0787D000F5383 /* AppDelegate.swift */; };
		40547E011CB0787D000F5383 /* ViewController.swift in Sources */ = {isa = PBXBuildFile; fileRef = 40547E001CB0787D000F5383 /* ViewController.swift */; };
		40547E041CB0787D000F5383 /* Main.storyboard in Resources */ = {isa = PBXBuildFile; fileRef = 40547E021CB0787D000F5383 /* Main.storyboard */; };
		40547E061CB0787D000F5383 /* Assets.xcassets in Resources */ = {isa = PBXBuildFile; fileRef = 40547E051CB0787D000F5383 /* Assets.xcassets */; };
		40547E091CB0787D000F5383 /* LaunchScreen.storyboard in Resources */ = {isa = PBXBuildFile; fileRef = 40547E071CB0787D000F5383 /* LaunchScreen.storyboard */; };
		40547E151CB07943000F5383 /* PlayerView.swift in Sources */ = {isa = PBXBuildFile; fileRef = 40547E141CB07943000F5383 /* PlayerView.swift */; };
/* End PBXBuildFile section */

/* Begin PBXCopyFilesBuildPhase section */
		40547E131CB07921000F5383 /* Embed Frameworks */ = {
			isa = PBXCopyFilesBuildPhase;
			buildActionMask = 2147483647;
			dstPath = "";
			dstSubfolderSpec = 10;
			files = (
			);
			name = "Embed Frameworks";
			runOnlyForDeploymentPostprocessing = 0;
		};
/* End PBXCopyFilesBuildPhase section */

/* Begin PBXFileReference section */
		3E826FF3F9F21856231EC4AB /* Pods.release.xcconfig */ = {isa = PBXFileReference; includeInIndex = 1; lastKnownFileType = text.xcconfig; name = Pods.release.xcconfig; path = "Pods/Target Support Files/Pods/Pods.release.xcconfig"; sourceTree = "<group>"; };
		40547DFB1CB0787D000F5383 /* iOS Example.app */ = {isa = PBXFileReference; explicitFileType = wrapper.application; includeInIndex = 0; path = "iOS Example.app"; sourceTree = BUILT_PRODUCTS_DIR; };
		40547DFE1CB0787D000F5383 /* AppDelegate.swift */ = {isa = PBXFileReference; lastKnownFileType = sourcecode.swift; path = AppDelegate.swift; sourceTree = "<group>"; };
		40547E001CB0787D000F5383 /* ViewController.swift */ = {isa = PBXFileReference; lastKnownFileType = sourcecode.swift; path = ViewController.swift; sourceTree = "<group>"; };
		40547E031CB0787D000F5383 /* Base */ = {isa = PBXFileReference; lastKnownFileType = file.storyboard; name = Base; path = Base.lproj/Main.storyboard; sourceTree = "<group>"; };
		40547E051CB0787D000F5383 /* Assets.xcassets */ = {isa = PBXFileReference; lastKnownFileType = folder.assetcatalog; path = Assets.xcassets; sourceTree = "<group>"; };
		40547E081CB0787D000F5383 /* Base */ = {isa = PBXFileReference; lastKnownFileType = file.storyboard; name = Base; path = Base.lproj/LaunchScreen.storyboard; sourceTree = "<group>"; };
		40547E0A1CB0787D000F5383 /* Info.plist */ = {isa = PBXFileReference; lastKnownFileType = text.plist.xml; path = Info.plist; sourceTree = "<group>"; };
		40547E141CB07943000F5383 /* PlayerView.swift */ = {isa = PBXFileReference; fileEncoding = 4; lastKnownFileType = sourcecode.swift; path = PlayerView.swift; sourceTree = "<group>"; };
		711758680067AA0EFF36660D /* Pods-iOS Example.release.xcconfig */ = {isa = PBXFileReference; includeInIndex = 1; lastKnownFileType = text.xcconfig; name = "Pods-iOS Example.release.xcconfig"; path = "Pods/Target Support Files/Pods-iOS Example/Pods-iOS Example.release.xcconfig"; sourceTree = "<group>"; };
		8B04560A194A0F6ACFE19840 /* Pods-iOS Example.debug.xcconfig */ = {isa = PBXFileReference; includeInIndex = 1; lastKnownFileType = text.xcconfig; name = "Pods-iOS Example.debug.xcconfig"; path = "Pods/Target Support Files/Pods-iOS Example/Pods-iOS Example.debug.xcconfig"; sourceTree = "<group>"; };
		CA58B08B0B9BA4964FBB9832 /* Pods_iOS_Example.framework */ = {isa = PBXFileReference; explicitFileType = wrapper.framework; includeInIndex = 0; path = Pods_iOS_Example.framework; sourceTree = BUILT_PRODUCTS_DIR; };
		D93B0F2EA6A8FB5CEBB89624 /* Pods.debug.xcconfig */ = {isa = PBXFileReference; includeInIndex = 1; lastKnownFileType = text.xcconfig; name = Pods.debug.xcconfig; path = "Pods/Target Support Files/Pods/Pods.debug.xcconfig"; sourceTree = "<group>"; };
/* End PBXFileReference section */

/* Begin PBXFrameworksBuildPhase section */
		40547DF81CB0787D000F5383 /* Frameworks */ = {
			isa = PBXFrameworksBuildPhase;
			buildActionMask = 2147483647;
			files = (
				1C9D6BC931EEAE3C7FAAE5BA /* Pods_iOS_Example.framework in Frameworks */,
			);
			runOnlyForDeploymentPostprocessing = 0;
		};
/* End PBXFrameworksBuildPhase section */

/* Begin PBXGroup section */
		40547DF21CB0787D000F5383 = {
			isa = PBXGroup;
			children = (
				40547DFD1CB0787D000F5383 /* iOS Example */,
				40547DFC1CB0787D000F5383 /* Products */,
				C1AB4D09CA81413620D0C3F9 /* Pods */,
				DC91C328CD701522A1078E96 /* Frameworks */,
			);
			sourceTree = "<group>";
		};
		40547DFC1CB0787D000F5383 /* Products */ = {
			isa = PBXGroup;
			children = (
				40547DFB1CB0787D000F5383 /* iOS Example.app */,
			);
			name = Products;
			sourceTree = "<group>";
		};
		40547DFD1CB0787D000F5383 /* iOS Example */ = {
			isa = PBXGroup;
			children = (
				40547DFE1CB0787D000F5383 /* AppDelegate.swift */,
				40547E001CB0787D000F5383 /* ViewController.swift */,
				40547E021CB0787D000F5383 /* Main.storyboard */,
				40547E051CB0787D000F5383 /* Assets.xcassets */,
				40547E071CB0787D000F5383 /* LaunchScreen.storyboard */,
				40547E0A1CB0787D000F5383 /* Info.plist */,
				40547E141CB07943000F5383 /* PlayerView.swift */,
			);
			path = "iOS Example";
			sourceTree = "<group>";
		};
		C1AB4D09CA81413620D0C3F9 /* Pods */ = {
			isa = PBXGroup;
			children = (
				D93B0F2EA6A8FB5CEBB89624 /* Pods.debug.xcconfig */,
				3E826FF3F9F21856231EC4AB /* Pods.release.xcconfig */,
				8B04560A194A0F6ACFE19840 /* Pods-iOS Example.debug.xcconfig */,
				711758680067AA0EFF36660D /* Pods-iOS Example.release.xcconfig */,
			);
			name = Pods;
			sourceTree = "<group>";
		};
		DC91C328CD701522A1078E96 /* Frameworks */ = {
			isa = PBXGroup;
			children = (
				CA58B08B0B9BA4964FBB9832 /* Pods_iOS_Example.framework */,
			);
			name = Frameworks;
			sourceTree = "<group>";
		};
/* End PBXGroup section */

/* Begin PBXNativeTarget section */
		40547DFA1CB0787D000F5383 /* iOS Example */ = {
			isa = PBXNativeTarget;
			buildConfigurationList = 40547E0D1CB0787D000F5383 /* Build configuration list for PBXNativeTarget "iOS Example" */;
			buildPhases = (
				9B118331B7455201BDA00CD5 /* [CP] Check Pods Manifest.lock */,
				40547DF71CB0787D000F5383 /* Sources */,
				40547DF81CB0787D000F5383 /* Frameworks */,
				40547DF91CB0787D000F5383 /* Resources */,
				40547E131CB07921000F5383 /* Embed Frameworks */,
				2096CBB297A549B094261976 /* [CP] Embed Pods Frameworks */,
				2E2A667281A0D320BAB135A1 /* [CP] Copy Pods Resources */,
			);
			buildRules = (
			);
			dependencies = (
			);
			name = "iOS Example";
			productName = "iOS Example";
			productReference = 40547DFB1CB0787D000F5383 /* iOS Example.app */;
			productType = "com.apple.product-type.application";
		};
/* End PBXNativeTarget section */

/* Begin PBXProject section */
		40547DF31CB0787D000F5383 /* Project object */ = {
			isa = PBXProject;
			attributes = {
				LastSwiftUpdateCheck = 0730;
				LastUpgradeCheck = 0810;
				ORGANIZATIONNAME = YayNext;
				TargetAttributes = {
					40547DFA1CB0787D000F5383 = {
						CreatedOnToolsVersion = 7.3;
					};
				};
			};
			buildConfigurationList = 40547DF61CB0787D000F5383 /* Build configuration list for PBXProject "iOS Example" */;
			compatibilityVersion = "Xcode 3.2";
			developmentRegion = English;
			hasScannedForEncodings = 0;
			knownRegions = (
				en,
				Base,
			);
			mainGroup = 40547DF21CB0787D000F5383;
			productRefGroup = 40547DFC1CB0787D000F5383 /* Products */;
			projectDirPath = "";
			projectRoot = "";
			targets = (
				40547DFA1CB0787D000F5383 /* iOS Example */,
			);
		};
/* End PBXProject section */

/* Begin PBXResourcesBuildPhase section */
		40547DF91CB0787D000F5383 /* Resources */ = {
			isa = PBXResourcesBuildPhase;
			buildActionMask = 2147483647;
			files = (
				40547E091CB0787D000F5383 /* LaunchScreen.storyboard in Resources */,
				40547E061CB0787D000F5383 /* Assets.xcassets in Resources */,
				40547E041CB0787D000F5383 /* Main.storyboard in Resources */,
			);
			runOnlyForDeploymentPostprocessing = 0;
		};
/* End PBXResourcesBuildPhase section */

/* Begin PBXShellScriptBuildPhase section */
		2096CBB297A549B094261976 /* [CP] Embed Pods Frameworks */ = {
			isa = PBXShellScriptBuildPhase;
			buildActionMask = 2147483647;
			files = (
			);
			inputPaths = (
			);
			name = "[CP] Embed Pods Frameworks";
			outputPaths = (
			);
			runOnlyForDeploymentPostprocessing = 0;
			shellPath = /bin/sh;
			shellScript = "\"${SRCROOT}/Pods/Target Support Files/Pods-iOS Example/Pods-iOS Example-frameworks.sh\"\n";
			showEnvVarsInLog = 0;
		};
		2E2A667281A0D320BAB135A1 /* [CP] Copy Pods Resources */ = {
			isa = PBXShellScriptBuildPhase;
			buildActionMask = 2147483647;
			files = (
			);
			inputPaths = (
			);
			name = "[CP] Copy Pods Resources";
			outputPaths = (
			);
			runOnlyForDeploymentPostprocessing = 0;
			shellPath = /bin/sh;
			shellScript = "\"${SRCROOT}/Pods/Target Support Files/Pods-iOS Example/Pods-iOS Example-resources.sh\"\n";
			showEnvVarsInLog = 0;
		};
		9B118331B7455201BDA00CD5 /* [CP] Check Pods Manifest.lock */ = {
			isa = PBXShellScriptBuildPhase;
			buildActionMask = 2147483647;
			files = (
			);
			inputPaths = (
			);
			name = "[CP] Check Pods Manifest.lock";
			outputPaths = (
			);
			runOnlyForDeploymentPostprocessing = 0;
			shellPath = /bin/sh;
			shellScript = "diff \"${PODS_PODFILE_DIR_PATH}/Podfile.lock\" \"${PODS_ROOT}/Manifest.lock\" > /dev/null\nif [ $? != 0 ] ; then\n    # print error to STDERR\n    echo \"error: The sandbox is not in sync with the Podfile.lock. Run 'pod install' or update your CocoaPods installation.\" >&2\n    exit 1\nfi\n";
			showEnvVarsInLog = 0;
		};
/* End PBXShellScriptBuildPhase section */

/* Begin PBXSourcesBuildPhase section */
		40547DF71CB0787D000F5383 /* Sources */ = {
			isa = PBXSourcesBuildPhase;
			buildActionMask = 2147483647;
			files = (
				40547E151CB07943000F5383 /* PlayerView.swift in Sources */,
				40547E011CB0787D000F5383 /* ViewController.swift in Sources */,
				40547DFF1CB0787D000F5383 /* AppDelegate.swift in Sources */,
			);
			runOnlyForDeploymentPostprocessing = 0;
		};
/* End PBXSourcesBuildPhase section */

/* Begin PBXVariantGroup section */
		40547E021CB0787D000F5383 /* Main.storyboard */ = {
			isa = PBXVariantGroup;
			children = (
				40547E031CB0787D000F5383 /* Base */,
			);
			name = Main.storyboard;
			sourceTree = "<group>";
		};
		40547E071CB0787D000F5383 /* LaunchScreen.storyboard */ = {
			isa = PBXVariantGroup;
			children = (
				40547E081CB0787D000F5383 /* Base */,
			);
			name = LaunchScreen.storyboard;
			sourceTree = "<group>";
		};
/* End PBXVariantGroup section */

/* Begin XCBuildConfiguration section */
		40547E0B1CB0787D000F5383 /* Debug */ = {
			isa = XCBuildConfiguration;
			buildSettings = {
				ALWAYS_SEARCH_USER_PATHS = NO;
				CLANG_ANALYZER_NONNULL = YES;
				CLANG_CXX_LANGUAGE_STANDARD = "gnu++0x";
				CLANG_CXX_LIBRARY = "libc++";
				CLANG_ENABLE_MODULES = YES;
				CLANG_ENABLE_OBJC_ARC = YES;
				CLANG_WARN_BOOL_CONVERSION = YES;
				CLANG_WARN_CONSTANT_CONVERSION = YES;
				CLANG_WARN_DIRECT_OBJC_ISA_USAGE = YES_ERROR;
				CLANG_WARN_EMPTY_BODY = YES;
				CLANG_WARN_ENUM_CONVERSION = YES;
				CLANG_WARN_INFINITE_RECURSION = YES;
				CLANG_WARN_INT_CONVERSION = YES;
				CLANG_WARN_OBJC_ROOT_CLASS = YES_ERROR;
				CLANG_WARN_SUSPICIOUS_MOVE = YES;
				CLANG_WARN_UNREACHABLE_CODE = YES;
				CLANG_WARN__DUPLICATE_METHOD_MATCH = YES;
				"CODE_SIGN_IDENTITY[sdk=iphoneos*]" = "iPhone Developer";
				COPY_PHASE_STRIP = NO;
				DEBUG_INFORMATION_FORMAT = dwarf;
				ENABLE_STRICT_OBJC_MSGSEND = YES;
				ENABLE_TESTABILITY = YES;
				GCC_C_LANGUAGE_STANDARD = gnu99;
				GCC_DYNAMIC_NO_PIC = NO;
				GCC_NO_COMMON_BLOCKS = YES;
				GCC_OPTIMIZATION_LEVEL = 0;
				GCC_PREPROCESSOR_DEFINITIONS = (
					"DEBUG=1",
					"$(inherited)",
				);
				GCC_WARN_64_TO_32_BIT_CONVERSION = YES;
				GCC_WARN_ABOUT_RETURN_TYPE = YES_ERROR;
				GCC_WARN_UNDECLARED_SELECTOR = YES;
				GCC_WARN_UNINITIALIZED_AUTOS = YES_AGGRESSIVE;
				GCC_WARN_UNUSED_FUNCTION = YES;
				GCC_WARN_UNUSED_VARIABLE = YES;
				IPHONEOS_DEPLOYMENT_TARGET = 9.3;
				MTL_ENABLE_DEBUG_INFO = YES;
				ONLY_ACTIVE_ARCH = YES;
				SDKROOT = iphoneos;
				SWIFT_OPTIMIZATION_LEVEL = "-Onone";
				TARGETED_DEVICE_FAMILY = "1,2";
			};
			name = Debug;
		};
		40547E0C1CB0787D000F5383 /* Release */ = {
			isa = XCBuildConfiguration;
			buildSettings = {
				ALWAYS_SEARCH_USER_PATHS = NO;
				CLANG_ANALYZER_NONNULL = YES;
				CLANG_CXX_LANGUAGE_STANDARD = "gnu++0x";
				CLANG_CXX_LIBRARY = "libc++";
				CLANG_ENABLE_MODULES = YES;
				CLANG_ENABLE_OBJC_ARC = YES;
				CLANG_WARN_BOOL_CONVERSION = YES;
				CLANG_WARN_CONSTANT_CONVERSION = YES;
				CLANG_WARN_DIRECT_OBJC_ISA_USAGE = YES_ERROR;
				CLANG_WARN_EMPTY_BODY = YES;
				CLANG_WARN_ENUM_CONVERSION = YES;
				CLANG_WARN_INFINITE_RECURSION = YES;
				CLANG_WARN_INT_CONVERSION = YES;
				CLANG_WARN_OBJC_ROOT_CLASS = YES_ERROR;
				CLANG_WARN_SUSPICIOUS_MOVE = YES;
				CLANG_WARN_UNREACHABLE_CODE = YES;
				CLANG_WARN__DUPLICATE_METHOD_MATCH = YES;
				"CODE_SIGN_IDENTITY[sdk=iphoneos*]" = "iPhone Developer";
				COPY_PHASE_STRIP = NO;
				DEBUG_INFORMATION_FORMAT = "dwarf-with-dsym";
				ENABLE_NS_ASSERTIONS = NO;
				ENABLE_STRICT_OBJC_MSGSEND = YES;
				GCC_C_LANGUAGE_STANDARD = gnu99;
				GCC_NO_COMMON_BLOCKS = YES;
				GCC_WARN_64_TO_32_BIT_CONVERSION = YES;
				GCC_WARN_ABOUT_RETURN_TYPE = YES_ERROR;
				GCC_WARN_UNDECLARED_SELECTOR = YES;
				GCC_WARN_UNINITIALIZED_AUTOS = YES_AGGRESSIVE;
				GCC_WARN_UNUSED_FUNCTION = YES;
				GCC_WARN_UNUSED_VARIABLE = YES;
				IPHONEOS_DEPLOYMENT_TARGET = 9.3;
				MTL_ENABLE_DEBUG_INFO = NO;
				SDKROOT = iphoneos;
				SWIFT_OPTIMIZATION_LEVEL = "-Owholemodule";
				TARGETED_DEVICE_FAMILY = "1,2";
				VALIDATE_PRODUCT = YES;
			};
			name = Release;
		};
		40547E0E1CB0787D000F5383 /* Debug */ = {
			isa = XCBuildConfiguration;
			baseConfigurationReference = 8B04560A194A0F6ACFE19840 /* Pods-iOS Example.debug.xcconfig */;
			buildSettings = {
				ALWAYS_EMBED_SWIFT_STANDARD_LIBRARIES = "$(inherited)";
				ASSETCATALOG_COMPILER_APPICON_NAME = AppIcon;
				INFOPLIST_FILE = "iOS Example/Info.plist";
				LD_RUNPATH_SEARCH_PATHS = "$(inherited) @executable_path/Frameworks";
				PRODUCT_BUNDLE_IDENTIFIER = "com.YayNext.iOS-Example";
				PRODUCT_NAME = "$(TARGET_NAME)";
				SWIFT_VERSION = 3.0.1;
			};
			name = Debug;
		};
		40547E0F1CB0787D000F5383 /* Release */ = {
			isa = XCBuildConfiguration;
			baseConfigurationReference = 711758680067AA0EFF36660D /* Pods-iOS Example.release.xcconfig */;
			buildSettings = {
				ALWAYS_EMBED_SWIFT_STANDARD_LIBRARIES = "$(inherited)";
				ASSETCATALOG_COMPILER_APPICON_NAME = AppIcon;
				INFOPLIST_FILE = "iOS Example/Info.plist";
				LD_RUNPATH_SEARCH_PATHS = "$(inherited) @executable_path/Frameworks";
				PRODUCT_BUNDLE_IDENTIFIER = "com.YayNext.iOS-Example";
				PRODUCT_NAME = "$(TARGET_NAME)";
				SWIFT_VERSION = 3.0.1;
			};
			name = Release;
		};
/* End XCBuildConfiguration section */

/* Begin XCConfigurationList section */
		40547DF61CB0787D000F5383 /* Build configuration list for PBXProject "iOS Example" */ = {
			isa = XCConfigurationList;
			buildConfigurations = (
				40547E0B1CB0787D000F5383 /* Debug */,
				40547E0C1CB0787D000F5383 /* Release */,
			);
			defaultConfigurationIsVisible = 0;
			defaultConfigurationName = Release;
		};
		40547E0D1CB0787D000F5383 /* Build configuration list for PBXNativeTarget "iOS Example" */ = {
			isa = XCConfigurationList;
			buildConfigurations = (
				40547E0E1CB0787D000F5383 /* Debug */,
				40547E0F1CB0787D000F5383 /* Release */,
			);
			defaultConfigurationIsVisible = 0;
			defaultConfigurationName = Release;
		};
/* End XCConfigurationList section */
	};
	rootObject = 40547DF31CB0787D000F5383 /* Project object */;
}
